
Microsoft Visual Studio Solution File, Format Version 12.00
# Visual Studio Version 17
VisualStudioVersion = 17.7.34202.233
MinimumVisualStudioVersion = 10.0.40219.1
Project("{9A19103F-16F7-4668-BE54-9A1E7A4F7556}") = "BlobGame", "BlobGame\BlobGame.csproj", "{799FFA06-38EE-4919-9588-1F67A823D9E4}"
	ProjectSection(ProjectDependencies) = postProject
		{98CA1B04-BA53-478B-A23F-BDDD3A7E5617} = {98CA1B04-BA53-478B-A23F-BDDD3A7E5617}
	EndProjectSection
EndProject
Project("{FAE04EC0-301F-11D3-BF4B-00C04F79EFBC}") = "ThemePacker", "ThemePacker\ThemePacker.csproj", "{98CA1B04-BA53-478B-A23F-BDDD3A7E5617}"
EndProject
Global
	GlobalSection(SolutionConfigurationPlatforms) = preSolution
		Debug|Any CPU = Debug|Any CPU
		Release|Any CPU = Release|Any CPU
	EndGlobalSection
	GlobalSection(ProjectConfigurationPlatforms) = postSolution
		{799FFA06-38EE-4919-9588-1F67A823D9E4}.Debug|Any CPU.ActiveCfg = Debug|Any CPU
		{799FFA06-38EE-4919-9588-1F67A823D9E4}.Debug|Any CPU.Build.0 = Debug|Any CPU
		{799FFA06-38EE-4919-9588-1F67A823D9E4}.Release|Any CPU.ActiveCfg = Release|Any CPU
		{799FFA06-38EE-4919-9588-1F67A823D9E4}.Release|Any CPU.Build.0 = Release|Any CPU
		{98CA1B04-BA53-478B-A23F-BDDD3A7E5617}.Debug|Any CPU.ActiveCfg = Debug|Any CPU
		{98CA1B04-BA53-478B-A23F-BDDD3A7E5617}.Debug|Any CPU.Build.0 = Debug|Any CPU
		{98CA1B04-BA53-478B-A23F-BDDD3A7E5617}.Release|Any CPU.ActiveCfg = Release|Any CPU
		{98CA1B04-BA53-478B-A23F-BDDD3A7E5617}.Release|Any CPU.Build.0 = Release|Any CPU
	EndGlobalSection
	GlobalSection(SolutionProperties) = preSolution
		HideSolutionNode = FALSE
	EndGlobalSection
	GlobalSection(ExtensibilityGlobals) = postSolution
		SolutionGuid = {0DA7EEF0-0C17-4FBA-91A7-42D1EA5C26C8}
	EndGlobalSection
EndGlobal
